{
  "requires": true,
  "lockfileVersion": 1,
  "dependencies": {
    "core-js-bundle": {
      "version": "3.0.1",
      "resolved": "https://registry.npmjs.org/core-js-bundle/-/core-js-bundle-3.0.1.tgz",
      "integrity": "sha512-UyodMvPq3EauF/+9rJWleyOiSLnF4WZfeeJ7W+z05ok1w6KD3Jum/+znK6PZdXxl+t8PCfICmysG9blOYsewcA=="
    }
  }
}
